
Microsoft Visual Studio Solution File, Format Version 12.00
# Visual Studio Version 16
VisualStudioVersion = 16.0.30611.23
MinimumVisualStudioVersion = 10.0.40219.1
Project("{2150E333-8FDC-42A3-9474-1A3956D46DE8}") = "00 Common", "00 Common", "{377C1299-4580-4E51-A92C-ADE9FF0A6FC4}"
EndProject
Project("{2150E333-8FDC-42A3-9474-1A3956D46DE8}") = "01 Model", "01 Model", "{61547DA5-EC0C-452D-AA58-537E3034FA1F}"
EndProject
Project("{2150E333-8FDC-42A3-9474-1A3956D46DE8}") = "02 Data", "02 Data", "{BD0C9494-690D-4664-B909-047BD7D6E872}"
EndProject
Project("{2150E333-8FDC-42A3-9474-1A3956D46DE8}") = "03 Service", "03 Service", "{DFD3436A-290F-4AAF-9233-FBA52BF2D72E}"
EndProject
Project("{2150E333-8FDC-42A3-9474-1A3956D46DE8}") = "04 Web API", "04 Web API", "{8E598923-1B05-471E-BC3F-5B090CEB5038}"
EndProject
Project("{9A19103F-16F7-4668-BE54-9A1E7A4F7556}") = "API", "API\API.csproj", "{C14DB770-5A22-428F-9D5E-D169CEF9EE6C}"
EndProject
Project("{9A19103F-16F7-4668-BE54-9A1E7A4F7556}") = "VG.Context", "Context\VG.Context.csproj", "{16286317-B238-4295-9AA0-DDE8574AF77B}"
EndProject
Project("{9A19103F-16F7-4668-BE54-9A1E7A4F7556}") = "VG.Data", "Data\VG.Data.csproj", "{C652DB5E-531F-4DA8-AD46-9B171BCE1258}"
EndProject
Project("{9A19103F-16F7-4668-BE54-9A1E7A4F7556}") = "VG.Service", "Service\VG.Service.csproj", "{2E352904-7EFA-4A3B-98EF-922868753BB8}"
EndProject
Project("{9A19103F-16F7-4668-BE54-9A1E7A4F7556}") = "VG.Model", "Model\VG.Model.csproj", "{047FE9E7-BEEE-44EA-9284-155ED5EC1700}"
EndProject
Project("{9A19103F-16F7-4668-BE54-9A1E7A4F7556}") = "VG.Common", "Common\VG.Common.csproj", "{B25BA8CC-AAB1-4EA1-953C-CEAD063EC798}"
EndProject
Global
	GlobalSection(SolutionConfigurationPlatforms) = preSolution
		Debug|Any CPU = Debug|Any CPU
		Release|Any CPU = Release|Any CPU
	EndGlobalSection
	GlobalSection(ProjectConfigurationPlatforms) = postSolution
		{C14DB770-5A22-428F-9D5E-D169CEF9EE6C}.Debug|Any CPU.ActiveCfg = Debug|Any CPU
		{C14DB770-5A22-428F-9D5E-D169CEF9EE6C}.Debug|Any CPU.Build.0 = Debug|Any CPU
		{C14DB770-5A22-428F-9D5E-D169CEF9EE6C}.Release|Any CPU.ActiveCfg = Debug|Any CPU
		{C14DB770-5A22-428F-9D5E-D169CEF9EE6C}.Release|Any CPU.Build.0 = Debug|Any CPU
		{16286317-B238-4295-9AA0-DDE8574AF77B}.Debug|Any CPU.ActiveCfg = Debug|Any CPU
		{16286317-B238-4295-9AA0-DDE8574AF77B}.Debug|Any CPU.Build.0 = Debug|Any CPU
		{16286317-B238-4295-9AA0-DDE8574AF77B}.Release|Any CPU.ActiveCfg = Debug|Any CPU
		{16286317-B238-4295-9AA0-DDE8574AF77B}.Release|Any CPU.Build.0 = Debug|Any CPU
		{C652DB5E-531F-4DA8-AD46-9B171BCE1258}.Debug|Any CPU.ActiveCfg = Debug|Any CPU
		{C652DB5E-531F-4DA8-AD46-9B171BCE1258}.Debug|Any CPU.Build.0 = Debug|Any CPU
		{C652DB5E-531F-4DA8-AD46-9B171BCE1258}.Release|Any CPU.ActiveCfg = Debug|Any CPU
		{C652DB5E-531F-4DA8-AD46-9B171BCE1258}.Release|Any CPU.Build.0 = Debug|Any CPU
		{2E352904-7EFA-4A3B-98EF-922868753BB8}.Debug|Any CPU.ActiveCfg = Debug|Any CPU
		{2E352904-7EFA-4A3B-98EF-922868753BB8}.Debug|Any CPU.Build.0 = Debug|Any CPU
		{2E352904-7EFA-4A3B-98EF-922868753BB8}.Release|Any CPU.ActiveCfg = Debug|Any CPU
		{2E352904-7EFA-4A3B-98EF-922868753BB8}.Release|Any CPU.Build.0 = Debug|Any CPU
		{047FE9E7-BEEE-44EA-9284-155ED5EC1700}.Debug|Any CPU.ActiveCfg = Debug|Any CPU
		{047FE9E7-BEEE-44EA-9284-155ED5EC1700}.Debug|Any CPU.Build.0 = Debug|Any CPU
		{047FE9E7-BEEE-44EA-9284-155ED5EC1700}.Release|Any CPU.ActiveCfg = Debug|Any CPU
		{047FE9E7-BEEE-44EA-9284-155ED5EC1700}.Release|Any CPU.Build.0 = Debug|Any CPU
		{B25BA8CC-AAB1-4EA1-953C-CEAD063EC798}.Debug|Any CPU.ActiveCfg = Debug|Any CPU
		{B25BA8CC-AAB1-4EA1-953C-CEAD063EC798}.Debug|Any CPU.Build.0 = Debug|Any CPU
		{B25BA8CC-AAB1-4EA1-953C-CEAD063EC798}.Release|Any CPU.ActiveCfg = Debug|Any CPU
		{B25BA8CC-AAB1-4EA1-953C-CEAD063EC798}.Release|Any CPU.Build.0 = Debug|Any CPU
	EndGlobalSection
	GlobalSection(SolutionProperties) = preSolution
		HideSolutionNode = FALSE
	EndGlobalSection
	GlobalSection(NestedProjects) = preSolution
		{C14DB770-5A22-428F-9D5E-D169CEF9EE6C} = {8E598923-1B05-471E-BC3F-5B090CEB5038}
		{16286317-B238-4295-9AA0-DDE8574AF77B} = {BD0C9494-690D-4664-B909-047BD7D6E872}
		{C652DB5E-531F-4DA8-AD46-9B171BCE1258} = {BD0C9494-690D-4664-B909-047BD7D6E872}
		{2E352904-7EFA-4A3B-98EF-922868753BB8} = {DFD3436A-290F-4AAF-9233-FBA52BF2D72E}
		{047FE9E7-BEEE-44EA-9284-155ED5EC1700} = {61547DA5-EC0C-452D-AA58-537E3034FA1F}
		{B25BA8CC-AAB1-4EA1-953C-CEAD063EC798} = {377C1299-4580-4E51-A92C-ADE9FF0A6FC4}
	EndGlobalSection
	GlobalSection(ExtensibilityGlobals) = postSolution
		SolutionGuid = {7F866200-7551-44B3-8423-3D75C0921C23}
	EndGlobalSection
EndGlobal
